// !$*UTF8*$!
{
	archiveVersion = 1;
	classes = {
	};
	objectVersion = 46;
	objects = {

/* Begin PBXBuildFile section */
		BCBAC4751A89988600DA93F6 /* main.m in Sources */ = {isa = PBXBuildFile; fileRef = BCBAC4741A89988600DA93F6 /* main.m */; };
		BCBAC4781A89988600DA93F6 /* AppDelegate.m in Sources */ = {isa = PBXBuildFile; fileRef = BCBAC4771A89988600DA93F6 /* AppDelegate.m */; };
		BCBAC47B1A89988600DA93F6 /* ViewController.m in Sources */ = {isa = PBXBuildFile; fileRef = BCBAC47A1A89988600DA93F6 /* ViewController.m */; };
		BCBAC47E1A89988600DA93F6 /* Main.storyboard in Resources */ = {isa = PBXBuildFile; fileRef = BCBAC47C1A89988600DA93F6 /* Main.storyboard */; };
		BCBAC4801A89988600DA93F6 /* Images.xcassets in Resources */ = {isa = PBXBuildFile; fileRef = BCBAC47F1A89988600DA93F6 /* Images.xcassets */; };
		BCBAC4831A89988600DA93F6 /* LaunchScreen.xib in Resources */ = {isa = PBXBuildFile; fileRef = BCBAC4811A89988600DA93F6 /* LaunchScreen.xib */; };
		BCBAC48F1A89988600DA93F6 /* AlcolatorTests.m in Sources */ = {isa = PBXBuildFile; fileRef = BCBAC48E1A89988600DA93F6 /* AlcolatorTests.m */; };
/* End PBXBuildFile section */

/* Begin PBXContainerItemProxy section */
		BCBAC4891A89988600DA93F6 /* PBXContainerItemProxy */ = {
			isa = PBXContainerItemProxy;
			containerPortal = BCBAC4671A89988600DA93F6 /* Project object */;
			proxyType = 1;
			remoteGlobalIDString = BCBAC46E1A89988600DA93F6;
			remoteInfo = Alcolator;
		};
/* End PBXContainerItemProxy section */

/* Begin PBXFileReference section */
		BCBAC46F1A89988600DA93F6 /* Alcolator.app */ = {isa = PBXFileReference; explicitFileType = wrapper.application; includeInIndex = 0; path = Alcolator.app; sourceTree = BUILT_PRODUCTS_DIR; };
		BCBAC4731A89988600DA93F6 /* Info.plist */ = {isa = PBXFileReference; lastKnownFileType = text.plist.xml; path = Info.plist; sourceTree = "<group>"; };
		BCBAC4741A89988600DA93F6 /* main.m */ = {isa = PBXFileReference; lastKnownFileType = sourcecode.c.objc; path = main.m; sourceTree = "<group>"; };
		BCBAC4761A89988600DA93F6 /* AppDelegate.h */ = {isa = PBXFileReference; lastKnownFileType = sourcecode.c.h; path = AppDelegate.h; sourceTree = "<group>"; };
		BCBAC4771A89988600DA93F6 /* AppDelegate.m */ = {isa = PBXFileReference; lastKnownFileType = sourcecode.c.objc; path = AppDelegate.m; sourceTree = "<group>"; };
		BCBAC4791A89988600DA93F6 /* ViewController.h */ = {isa = PBXFileReference; lastKnownFileType = sourcecode.c.h; path = ViewController.h; sourceTree = "<group>"; };
		BCBAC47A1A89988600DA93F6 /* ViewController.m */ = {isa = PBXFileReference; lastKnownFileType = sourcecode.c.objc; path = ViewController.m; sourceTree = "<group>"; };
		BCBAC47D1A89988600DA93F6 /* Base */ = {isa = PBXFileReference; lastKnownFileType = file.storyboard; name = Base; path = Base.lproj/Main.storyboard; sourceTree = "<group>"; };
		BCBAC47F1A89988600DA93F6 /* Images.xcassets */ = {isa = PBXFileReference; lastKnownFileType = folder.assetcatalog; path = Images.xcassets; sourceTree = "<group>"; };
		BCBAC4821A89988600DA93F6 /* Base */ = {isa = PBXFileReference; lastKnownFileType = file.xib; name = Base; path = Base.lproj/LaunchScreen.xib; sourceTree = "<group>"; };
		BCBAC4881A89988600DA93F6 /* AlcolatorTests.xctest */ = {isa = PBXFileReference; explicitFileType = wrapper.cfbundle; includeInIndex = 0; path = AlcolatorTests.xctest; sourceTree = BUILT_PRODUCTS_DIR; };
		BCBAC48D1A89988600DA93F6 /* Info.plist */ = {isa = PBXFileReference; lastKnownFileType = text.plist.xml; path = Info.plist; sourceTree = "<group>"; };
		BCBAC48E1A89988600DA93F6 /* AlcolatorTests.m */ = {isa = PBXFileReference; lastKnownFileType = sourcecode.c.objc; path = AlcolatorTests.m; sourceTree = "<group>"; };
/* End PBXFileReference section */

/* Begin PBXFrameworksBuildPhase section */
		BCBAC46C1A89988600DA93F6 /* Frameworks */ = {
			isa = PBXFrameworksBuildPhase;
			buildActionMask = 2147483647;
			files = (
			);
			runOnlyForDeploymentPostprocessing = 0;
		};
		BCBAC4851A89988600DA93F6 /* Frameworks */ = {
			isa = PBXFrameworksBuildPhase;
			buildActionMask = 2147483647;
			files = (
			);
			runOnlyForDeploymentPostprocessing = 0;
		};
/* End PBXFrameworksBuildPhase section */

/* Begin PBXGroup section */
		BCBAC4661A89988600DA93F6 = {
			isa = PBXGroup;
			children = (
				BCBAC4711A89988600DA93F6 /* Alcolator */,
				BCBAC48B1A89988600DA93F6 /* AlcolatorTests */,
				BCBAC4701A89988600DA93F6 /* Products */,
			);
			sourceTree = "<group>";
		};
		BCBAC4701A89988600DA93F6 /* Products */ = {
			isa = PBXGroup;
			children = (
				BCBAC46F1A89988600DA93F6 /* Alcolator.app */,
				BCBAC4881A89988600DA93F6 /* AlcolatorTests.xctest */,
			);
			name = Products;
			sourceTree = "<group>";
		};
		BCBAC4711A89988600DA93F6 /* Alcolator */ = {
			isa = PBXGroup;
			children = (
				BCBAC4761A89988600DA93F6 /* AppDelegate.h */,
				BCBAC4771A89988600DA93F6 /* AppDelegate.m */,
				BCBAC4791A89988600DA93F6 /* ViewController.h */,
				BCBAC47A1A89988600DA93F6 /* ViewController.m */,
				BCBAC47C1A89988600DA93F6 /* Main.storyboard */,
				BCBAC47F1A89988600DA93F6 /* Images.xcassets */,
				BCBAC4811A89988600DA93F6 /* LaunchScreen.xib */,
				BCBAC4721A89988600DA93F6 /* Supporting Files */,
			);
			path = Alcolator;
			sourceTree = "<group>";
		};
		BCBAC4721A89988600DA93F6 /* Supporting Files */ = {
			isa = PBXGroup;
			children = (
				BCBAC4731A89988600DA93F6 /* Info.plist */,
				BCBAC4741A89988600DA93F6 /* main.m */,
			);
			name = "Supporting Files";
			sourceTree = "<group>";
		};
		BCBAC48B1A89988600DA93F6 /* AlcolatorTests */ = {
			isa = PBXGroup;
			children = (
				BCBAC48E1A89988600DA93F6 /* AlcolatorTests.m */,
				BCBAC48C1A89988600DA93F6 /* Supporting Files */,
			);
			path = AlcolatorTests;
			sourceTree = "<group>";
		};
		BCBAC48C1A89988600DA93F6 /* Supporting Files */ = {
			isa = PBXGroup;
			children = (
				BCBAC48D1A89988600DA93F6 /* Info.plist */,
			);
			name = "Supporting Files";
			sourceTree = "<group>";
		};
/* End PBXGroup section */

/* Begin PBXNativeTarget section */
		BCBAC46E1A89988600DA93F6 /* Alcolator */ = {
			isa = PBXNativeTarget;
			buildConfigurationList = BCBAC4921A89988600DA93F6 /* Build configuration list for PBXNativeTarget "Alcolator" */;
			buildPhases = (
				BCBAC46B1A89988600DA93F6 /* Sources */,
				BCBAC46C1A89988600DA93F6 /* Frameworks */,
				BCBAC46D1A89988600DA93F6 /* Resources */,
			);
			buildRules = (
			);
			dependencies = (
			);
			name = Alcolator;
			productName = Alcolator;
			productReference = BCBAC46F1A89988600DA93F6 /* Alcolator.app */;
			productType = "com.apple.product-type.application";
		};
		BCBAC4871A89988600DA93F6 /* AlcolatorTests */ = {
			isa = PBXNativeTarget;
			buildConfigurationList = BCBAC4951A89988600DA93F6 /* Build configuration list for PBXNativeTarget "AlcolatorTests" */;
			buildPhases = (
				BCBAC4841A89988600DA93F6 /* Sources */,
				BCBAC4851A89988600DA93F6 /* Frameworks */,
				BCBAC4861A89988600DA93F6 /* Resources */,
			);
			buildRules = (
			);
			dependencies = (
				BCBAC48A1A89988600DA93F6 /* PBXTargetDependency */,
			);
			name = AlcolatorTests;
			productName = AlcolatorTests;
			productReference = BCBAC4881A89988600DA93F6 /* AlcolatorTests.xctest */;
			productType = "com.apple.product-type.bundle.unit-test";
		};
/* End PBXNativeTarget section */

/* Begin PBXProject section */
		BCBAC4671A89988600DA93F6 /* Project object */ = {
			isa = PBXProject;
			attributes = {
				LastUpgradeCheck = 0620;
				ORGANIZATIONNAME = "Diego Aguirre";
				TargetAttributes = {
					BCBAC46E1A89988600DA93F6 = {
						CreatedOnToolsVersion = 6.2;
					};
					BCBAC4871A89988600DA93F6 = {
						CreatedOnToolsVersion = 6.2;
						TestTargetID = BCBAC46E1A89988600DA93F6;
					};
				};
			};
			buildConfigurationList = BCBAC46A1A89988600DA93F6 /* Build configuration list for PBXProject "Alcolator" */;
			compatibilityVersion = "Xcode 3.2";
			developmentRegion = English;
			hasScannedForEncodings = 0;
			knownRegions = (
				en,
				Base,
			);
			mainGroup = BCBAC4661A89988600DA93F6;
			productRefGroup = BCBAC4701A89988600DA93F6 /* Products */;
			projectDirPath = "";
			projectRoot = "";
			targets = (
				BCBAC46E1A89988600DA93F6 /* Alcolator */,
				BCBAC4871A89988600DA93F6 /* AlcolatorTests */,
			);
		};
/* End PBXProject section */

/* Begin PBXResourcesBuildPhase section */
		BCBAC46D1A89988600DA93F6 /* Resources */ = {
			isa = PBXResourcesBuildPhase;
			buildActionMask = 2147483647;
			files = (
				BCBAC47E1A89988600DA93F6 /* Main.storyboard in Resources */,
				BCBAC4831A89988600DA93F6 /* LaunchScreen.xib in Resources */,
				BCBAC4801A89988600DA93F6 /* Images.xcassets in Resources */,
			);
			runOnlyForDeploymentPostprocessing = 0;
		};
		BCBAC4861A89988600DA93F6 /* Resources */ = {
			isa = PBXResourcesBuildPhase;
			buildActionMask = 2147483647;
			files = (
			);
			runOnlyForDeploymentPostprocessing = 0;
		};
/* End PBXResourcesBuildPhase section */

/* Begin PBXSourcesBuildPhase section */
		BCBAC46B1A89988600DA93F6 /* Sources */ = {
			isa = PBXSourcesBuildPhase;
			buildActionMask = 2147483647;
			files = (
				BCBAC47B1A89988600DA93F6 /* ViewController.m in Sources */,
				BCBAC4781A89988600DA93F6 /* AppDelegate.m in Sources */,
				BCBAC4751A89988600DA93F6 /* main.m in Sources */,
			);
			runOnlyForDeploymentPostprocessing = 0;
		};
		BCBAC4841A89988600DA93F6 /* Sources */ = {
			isa = PBXSourcesBuildPhase;
			buildActionMask = 2147483647;
			files = (
				BCBAC48F1A89988600DA93F6 /* AlcolatorTests.m in Sources */,
			);
			runOnlyForDeploymentPostprocessing = 0;
		};
/* End PBXSourcesBuildPhase section */

/* Begin PBXTargetDependency section */
		BCBAC48A1A89988600DA93F6 /* PBXTargetDependency */ = {
			isa = PBXTargetDependency;
			target = BCBAC46E1A89988600DA93F6 /* Alcolator */;
			targetProxy = BCBAC4891A89988600DA93F6 /* PBXContainerItemProxy */;
		};
/* End PBXTargetDependency section */

/* Begin PBXVariantGroup section */
		BCBAC47C1A89988600DA93F6 /* Main.storyboard */ = {
			isa = PBXVariantGroup;
			children = (
				BCBAC47D1A89988600DA93F6 /* Base */,
			);
			name = Main.storyboard;
			sourceTree = "<group>";
		};
		BCBAC4811A89988600DA93F6 /* LaunchScreen.xib */ = {
			isa = PBXVariantGroup;
			children = (
				BCBAC4821A89988600DA93F6 /* Base */,
			);
			name = LaunchScreen.xib;
			sourceTree = "<group>";
		};
/* End PBXVariantGroup section */

/* Begin XCBuildConfiguration section */
		BCBAC4901A89988600DA93F6 /* Debug */ = {
			isa = XCBuildConfiguration;
			buildSettings = {
				ALWAYS_SEARCH_USER_PATHS = NO;
				CLANG_CXX_LANGUAGE_STANDARD = "gnu++0x";
				CLANG_CXX_LIBRARY = "libc++";
				CLANG_ENABLE_MODULES = YES;
				CLANG_ENABLE_OBJC_ARC = YES;
				CLANG_WARN_BOOL_CONVERSION = YES;
				CLANG_WARN_CONSTANT_CONVERSION = YES;
				CLANG_WARN_DIRECT_OBJC_ISA_USAGE = YES_ERROR;
				CLANG_WARN_EMPTY_BODY = YES;
				CLANG_WARN_ENUM_CONVERSION = YES;
				CLANG_WARN_INT_CONVERSION = YES;
				CLANG_WARN_OBJC_ROOT_CLASS = YES_ERROR;
				CLANG_WARN_UNREACHABLE_CODE = YES;
				CLANG_WARN__DUPLICATE_METHOD_MATCH = YES;
				"CODE_SIGN_IDENTITY[sdk=iphoneos*]" = "iPhone Developer";
				COPY_PHASE_STRIP = NO;
				ENABLE_STRICT_OBJC_MSGSEND = YES;
				GCC_C_LANGUAGE_STANDARD = gnu99;
				GCC_DYNAMIC_NO_PIC = NO;
				GCC_OPTIMIZATION_LEVEL = 0;
				GCC_PREPROCESSOR_DEFINITIONS = (
					"DEBUG=1",
					"$(inherited)",
				);
				GCC_SYMBOLS_PRIVATE_EXTERN = NO;
				GCC_WARN_64_TO_32_BIT_CONVERSION = YES;
				GCC_WARN_ABOUT_RETURN_TYPE = YES_ERROR;
				GCC_WARN_UNDECLARED_SELECTOR = YES;
				GCC_WARN_UNINITIALIZED_AUTOS = YES_AGGRESSIVE;
				GCC_WARN_UNUSED_FUNCTION = YES;
				GCC_WARN_UNUSED_VARIABLE = YES;
				IPHONEOS_DEPLOYMENT_TARGET = 8.2;
				MTL_ENABLE_DEBUG_INFO = YES;
				ONLY_ACTIVE_ARCH = YES;
				SDKROOT = iphoneos;
			};
			name = Debug;
		};
		BCBAC4911A89988600DA93F6 /* Release */ = {
			isa = XCBuildConfiguration;
			buildSettings = {
				ALWAYS_SEARCH_USER_PATHS = NO;
				CLANG_CXX_LANGUAGE_STANDARD = "gnu++0x";
				CLANG_CXX_LIBRARY = "libc++";
				CLANG_ENABLE_MODULES = YES;
				CLANG_ENABLE_OBJC_ARC = YES;
				CLANG_WARN_BOOL_CONVERSION = YES;
				CLANG_WARN_CONSTANT_CONVERSION = YES;
				CLANG_WARN_DIRECT_OBJC_ISA_USAGE = YES_ERROR;
				CLANG_WARN_EMPTY_BODY = YES;
				CLANG_WARN_ENUM_CONVERSION = YES;
				CLANG_WARN_INT_CONVERSION = YES;
				CLANG_WARN_OBJC_ROOT_CLASS = YES_ERROR;
				CLANG_WARN_UNREACHABLE_CODE = YES;
				CLANG_WARN__DUPLICATE_METHOD_MATCH = YES;
				"CODE_SIGN_IDENTITY[sdk=iphoneos*]" = "iPhone Developer";
				COPY_PHASE_STRIP = NO;
				ENABLE_NS_ASSERTIONS = NO;
				ENABLE_STRICT_OBJC_MSGSEND = YES;
				GCC_C_LANGUAGE_STANDARD = gnu99;
				GCC_WARN_64_TO_32_BIT_CONVERSION = YES;
				GCC_WARN_ABOUT_RETURN_TYPE = YES_ERROR;
				GCC_WARN_UNDECLARED_SELECTOR = YES;
				GCC_WARN_UNINITIALIZED_AUTOS = YES_AGGRESSIVE;
				GCC_WARN_UNUSED_FUNCTION = YES;
				GCC_WARN_UNUSED_VARIABLE = YES;
				IPHONEOS_DEPLOYMENT_TARGET = 8.2;
				MTL_ENABLE_DEBUG_INFO = NO;
				SDKROOT = iphoneos;
				VALIDATE_PRODUCT = YES;
			};
			name = Release;
		};
		BCBAC4931A89988600DA93F6 /* Debug */ = {
			isa = XCBuildConfiguration;
			buildSettings = {
				ASSETCATALOG_COMPILER_APPICON_NAME = AppIcon;
				INFOPLIST_FILE = Alcolator/Info.plist;
				LD_RUNPATH_SEARCH_PATHS = "$(inherited) @executable_path/Frameworks";
				PRODUCT_NAME = "$(TARGET_NAME)";
			};
			name = Debug;
		};
		BCBAC4941A89988600DA93F6 /* Release */ = {
			isa = XCBuildConfiguration;
			buildSettings = {
				ASSETCATALOG_COMPILER_APPICON_NAME = AppIcon;
				INFOPLIST_FILE = Alcolator/Info.plist;
				LD_RUNPATH_SEARCH_PATHS = "$(inherited) @executable_path/Frameworks";
				PRODUCT_NAME = "$(TARGET_NAME)";
			};
			name = Release;
		};
		BCBAC4961A89988600DA93F6 /* Debug */ = {
			isa = XCBuildConfiguration;
			buildSettings = {
				BUNDLE_LOADER = "$(TEST_HOST)";
				FRAMEWORK_SEARCH_PATHS = (
					"$(SDKROOT)/Developer/Library/Frameworks",
					"$(inherited)",
				);
				GCC_PREPROCESSOR_DEFINITIONS = (
					"DEBUG=1",
					"$(inherited)",
				);
				INFOPLIST_FILE = AlcolatorTests/Info.plist;
				LD_RUNPATH_SEARCH_PATHS = "$(inherited) @executable_path/Frameworks @loader_path/Frameworks";
				PRODUCT_NAME = "$(TARGET_NAME)";
				TEST_HOST = "$(BUILT_PRODUCTS_DIR)/Alcolator.app/Alcolator";
			};
			name = Debug;
		};
		BCBAC4971A89988600DA93F6 /* Release */ = {
			isa = XCBuildConfiguration;
			buildSettings = {
				BUNDLE_LOADER = "$(TEST_HOST)";
				FRAMEWORK_SEARCH_PATHS = (
					"$(SDKROOT)/Developer/Library/Frameworks",
					"$(inherited)",
				);
				INFOPLIST_FILE = AlcolatorTests/Info.plist;
				LD_RUNPATH_SEARCH_PATHS = "$(inherited) @executable_path/Frameworks @loader_path/Frameworks";
				PRODUCT_NAME = "$(TARGET_NAME)";
				TEST_HOST = "$(BUILT_PRODUCTS_DIR)/Alcolator.app/Alcolator";
			};
			name = Release;
		};
/* End XCBuildConfiguration section */

/* Begin XCConfigurationList section */
		BCBAC46A1A89988600DA93F6 /* Build configuration list for PBXProject "Alcolator" */ = {
			isa = XCConfigurationList;
			buildConfigurations = (
				BCBAC4901A89988600DA93F6 /* Debug */,
				BCBAC4911A89988600DA93F6 /* Release */,
			);
			defaultConfigurationIsVisible = 0;
			defaultConfigurationName = Release;
		};
		BCBAC4921A89988600DA93F6 /* Build configuration list for PBXNativeTarget "Alcolator" */ = {
			isa = XCConfigurationList;
			buildConfigurations = (
				BCBAC4931A89988600DA93F6 /* Debug */,
				BCBAC4941A89988600DA93F6 /* Release */,
			);
			defaultConfigurationIsVisible = 0;
		};
		BCBAC4951A89988600DA93F6 /* Build configuration list for PBXNativeTarget "AlcolatorTests" */ = {
			isa = XCConfigurationList;
			buildConfigurations = (
				BCBAC4961A89988600DA93F6 /* Debug */,
				BCBAC4971A89988600DA93F6 /* Release */,
			);
			defaultConfigurationIsVisible = 0;
		};
/* End XCConfigurationList section */
	};
	rootObject = BCBAC4671A89988600DA93F6 /* Project object */;
}
